
Microsoft Visual Studio Solution File, Format Version 12.00
# Visual Studio Version 17
VisualStudioVersion = 17.4.33213.308
MinimumVisualStudioVersion = 10.0.40219.1
Project("{FAE04EC0-301F-11D3-BF4B-00C04F79EFBC}") = "webapi", "webapi\webapi.csproj", "{C419B2BE-2459-4759-8464-C2EC32689061}"
EndProject
Global
	GlobalSection(SolutionConfigurationPlatforms) = preSolution
		Debug|Any CPU = Debug|Any CPU
		Release|Any CPU = Release|Any CPU
	EndGlobalSection
	GlobalSection(ProjectConfigurationPlatforms) = postSolution
		{C419B2BE-2459-4759-8464-C2EC32689061}.Debug|Any CPU.ActiveCfg = Debug|Any CPU
		{C419B2BE-2459-4759-8464-C2EC32689061}.Debug|Any CPU.Build.0 = Debug|Any CPU
		{C419B2BE-2459-4759-8464-C2EC32689061}.Release|Any CPU.ActiveCfg = Release|Any CPU
		{C419B2BE-2459-4759-8464-C2EC32689061}.Release|Any CPU.Build.0 = Release|Any CPU
	EndGlobalSection
	GlobalSection(SolutionProperties) = preSolution
		HideSolutionNode = FALSE
	EndGlobalSection
	GlobalSection(ExtensibilityGlobals) = postSolution
		SolutionGuid = {160EBC52-F5B1-4F5E-BD43-1A943D57392A}
	EndGlobalSection
EndGlobal
